
Microsoft Visual Studio Solution File, Format Version 12.00
# Visual Studio Version 16
VisualStudioVersion = 16.0.30804.86
MinimumVisualStudioVersion = 10.0.40219.1
Project("{FAE04EC0-301F-11D3-BF4B-00C04F79EFBC}") = "TheIce.API", "TheIce.API\TheIce.API.csproj", "{74E7A2B8-AA37-473F-9FD8-41B99797A1A2}"
EndProject
Project("{FAE04EC0-301F-11D3-BF4B-00C04F79EFBC}") = "TheIce.BL", "TheIce.BL\TheIce.BL.csproj", "{52EDAC30-A460-40EF-8E38-D23A502CBC30}"
EndProject
Project("{FAE04EC0-301F-11D3-BF4B-00C04F79EFBC}") = "TheIce.DI", "TheIce.DI\TheIce.DI.csproj", "{5E137255-79D8-48F4-B3CF-36DF545C5448}"
EndProject
Project("{FAE04EC0-301F-11D3-BF4B-00C04F79EFBC}") = "TheIce.Core", "TheIce.Core\TheIce.Core.csproj", "{9F523797-341E-49E6-9D3A-C9EC28E19E54}"
EndProject
Project("{FAE04EC0-301F-11D3-BF4B-00C04F79EFBC}") = "TheIce.Shared", "TheIce.Shared\TheIce.Shared.csproj", "{F305B3B3-907A-4E3D-9E13-75CEB36167A2}"
EndProject
Global
	GlobalSection(SolutionConfigurationPlatforms) = preSolution
		Debug|Any CPU = Debug|Any CPU
		Release|Any CPU = Release|Any CPU
	EndGlobalSection
	GlobalSection(ProjectConfigurationPlatforms) = postSolution
		{74E7A2B8-AA37-473F-9FD8-41B99797A1A2}.Debug|Any CPU.ActiveCfg = Debug|Any CPU
		{74E7A2B8-AA37-473F-9FD8-41B99797A1A2}.Debug|Any CPU.Build.0 = Debug|Any CPU
		{74E7A2B8-AA37-473F-9FD8-41B99797A1A2}.Release|Any CPU.ActiveCfg = Release|Any CPU
		{74E7A2B8-AA37-473F-9FD8-41B99797A1A2}.Release|Any CPU.Build.0 = Release|Any CPU
		{52EDAC30-A460-40EF-8E38-D23A502CBC30}.Debug|Any CPU.ActiveCfg = Debug|Any CPU
		{52EDAC30-A460-40EF-8E38-D23A502CBC30}.Debug|Any CPU.Build.0 = Debug|Any CPU
		{52EDAC30-A460-40EF-8E38-D23A502CBC30}.Release|Any CPU.ActiveCfg = Release|Any CPU
		{52EDAC30-A460-40EF-8E38-D23A502CBC30}.Release|Any CPU.Build.0 = Release|Any CPU
		{5E137255-79D8-48F4-B3CF-36DF545C5448}.Debug|Any CPU.ActiveCfg = Debug|Any CPU
		{5E137255-79D8-48F4-B3CF-36DF545C5448}.Debug|Any CPU.Build.0 = Debug|Any CPU
		{5E137255-79D8-48F4-B3CF-36DF545C5448}.Release|Any CPU.ActiveCfg = Release|Any CPU
		{5E137255-79D8-48F4-B3CF-36DF545C5448}.Release|Any CPU.Build.0 = Release|Any CPU
		{9F523797-341E-49E6-9D3A-C9EC28E19E54}.Debug|Any CPU.ActiveCfg = Debug|Any CPU
		{9F523797-341E-49E6-9D3A-C9EC28E19E54}.Debug|Any CPU.Build.0 = Debug|Any CPU
		{9F523797-341E-49E6-9D3A-C9EC28E19E54}.Release|Any CPU.ActiveCfg = Release|Any CPU
		{9F523797-341E-49E6-9D3A-C9EC28E19E54}.Release|Any CPU.Build.0 = Release|Any CPU
		{F305B3B3-907A-4E3D-9E13-75CEB36167A2}.Debug|Any CPU.ActiveCfg = Debug|Any CPU
		{F305B3B3-907A-4E3D-9E13-75CEB36167A2}.Debug|Any CPU.Build.0 = Debug|Any CPU
		{F305B3B3-907A-4E3D-9E13-75CEB36167A2}.Release|Any CPU.ActiveCfg = Release|Any CPU
		{F305B3B3-907A-4E3D-9E13-75CEB36167A2}.Release|Any CPU.Build.0 = Release|Any CPU
	EndGlobalSection
	GlobalSection(SolutionProperties) = preSolution
		HideSolutionNode = FALSE
	EndGlobalSection
	GlobalSection(ExtensibilityGlobals) = postSolution
		SolutionGuid = {BBA83D13-EB38-446F-A431-85835C539AEF}
	EndGlobalSection
EndGlobal
